// !$*UTF8*$!
{
	archiveVersion = 1;
	classes = {
	};
	objectVersion = 50;
	objects = {

/* Begin PBXBuildFile section */
		E7B1BC882360A5DC0039253E /* AppDelegate.swift in Sources */ = {isa = PBXBuildFile; fileRef = E7B1BC872360A5DC0039253E /* AppDelegate.swift */; };
		E7B1BC8A2360A5DC0039253E /* SceneDelegate.swift in Sources */ = {isa = PBXBuildFile; fileRef = E7B1BC892360A5DC0039253E /* SceneDelegate.swift */; };
		E7B1BC8C2360A5DC0039253E /* ContentView.swift in Sources */ = {isa = PBXBuildFile; fileRef = E7B1BC8B2360A5DC0039253E /* ContentView.swift */; };
		E7B1BC8E2360A5E10039253E /* Assets.xcassets in Resources */ = {isa = PBXBuildFile; fileRef = E7B1BC8D2360A5E10039253E /* Assets.xcassets */; };
		E7B1BC912360A5E10039253E /* Preview Assets.xcassets in Resources */ = {isa = PBXBuildFile; fileRef = E7B1BC902360A5E10039253E /* Preview Assets.xcassets */; };
		E7B1BC942360A5E10039253E /* LaunchScreen.storyboard in Resources */ = {isa = PBXBuildFile; fileRef = E7B1BC922360A5E10039253E /* LaunchScreen.storyboard */; };
		E7B1BCA62360F6640039253E /* RepoCard.swift in Sources */ = {isa = PBXBuildFile; fileRef = E7B1BCA52360F6640039253E /* RepoCard.swift */; };
		E7B1BCAE236136920039253E /* CardView.swift in Sources */ = {isa = PBXBuildFile; fileRef = E7B1BCAD236136920039253E /* CardView.swift */; };
		E7B1BCB0236139AF0039253E /* CardContent.swift in Sources */ = {isa = PBXBuildFile; fileRef = E7B1BCAF236139AF0039253E /* CardContent.swift */; };
/* End PBXBuildFile section */

/* Begin PBXFileReference section */
		E7B1BC842360A5DC0039253E /* ReposCards.app */ = {isa = PBXFileReference; explicitFileType = wrapper.application; includeInIndex = 0; path = ReposCards.app; sourceTree = BUILT_PRODUCTS_DIR; };
		E7B1BC872360A5DC0039253E /* AppDelegate.swift */ = {isa = PBXFileReference; lastKnownFileType = sourcecode.swift; path = AppDelegate.swift; sourceTree = "<group>"; };
		E7B1BC892360A5DC0039253E /* SceneDelegate.swift */ = {isa = PBXFileReference; lastKnownFileType = sourcecode.swift; path = SceneDelegate.swift; sourceTree = "<group>"; };
		E7B1BC8B2360A5DC0039253E /* ContentView.swift */ = {isa = PBXFileReference; lastKnownFileType = sourcecode.swift; path = ContentView.swift; sourceTree = "<group>"; };
		E7B1BC8D2360A5E10039253E /* Assets.xcassets */ = {isa = PBXFileReference; lastKnownFileType = folder.assetcatalog; path = Assets.xcassets; sourceTree = "<group>"; };
		E7B1BC902360A5E10039253E /* Preview Assets.xcassets */ = {isa = PBXFileReference; lastKnownFileType = folder.assetcatalog; path = "Preview Assets.xcassets"; sourceTree = "<group>"; };
		E7B1BC932360A5E10039253E /* Base */ = {isa = PBXFileReference; lastKnownFileType = file.storyboard; name = Base; path = Base.lproj/LaunchScreen.storyboard; sourceTree = "<group>"; };
		E7B1BC952360A5E10039253E /* Info.plist */ = {isa = PBXFileReference; lastKnownFileType = text.plist.xml; path = Info.plist; sourceTree = "<group>"; };
		E7B1BCA52360F6640039253E /* RepoCard.swift */ = {isa = PBXFileReference; lastKnownFileType = sourcecode.swift; path = RepoCard.swift; sourceTree = "<group>"; };
		E7B1BCAD236136920039253E /* CardView.swift */ = {isa = PBXFileReference; lastKnownFileType = sourcecode.swift; path = CardView.swift; sourceTree = "<group>"; };
		E7B1BCAF236139AF0039253E /* CardContent.swift */ = {isa = PBXFileReference; lastKnownFileType = sourcecode.swift; path = CardContent.swift; sourceTree = "<group>"; };
/* End PBXFileReference section */

/* Begin PBXFrameworksBuildPhase section */
		E7B1BC812360A5DC0039253E /* Frameworks */ = {
			isa = PBXFrameworksBuildPhase;
			buildActionMask = 2147483647;
			files = (
			);
			runOnlyForDeploymentPostprocessing = 0;
		};
/* End PBXFrameworksBuildPhase section */

/* Begin PBXGroup section */
		E7B1BC7B2360A5DC0039253E = {
			isa = PBXGroup;
			children = (
				E7B1BC862360A5DC0039253E /* ReposCards */,
				E7B1BC852360A5DC0039253E /* Products */,
			);
			sourceTree = "<group>";
		};
		E7B1BC852360A5DC0039253E /* Products */ = {
			isa = PBXGroup;
			children = (
				E7B1BC842360A5DC0039253E /* ReposCards.app */,
			);
			name = Products;
			sourceTree = "<group>";
		};
		E7B1BC862360A5DC0039253E /* ReposCards */ = {
			isa = PBXGroup;
			children = (
				E7B1BCB423615A020039253E /* Delegates */,
				E7B1BCB2236159CC0039253E /* Models */,
				E7B1BCB1236159B20039253E /* Views */,
				E7B1BC8D2360A5E10039253E /* Assets.xcassets */,
				E7B1BC952360A5E10039253E /* Info.plist */,
				E7B1BC8F2360A5E10039253E /* Preview Content */,
			);
			path = ReposCards;
			sourceTree = "<group>";
		};
		E7B1BC8F2360A5E10039253E /* Preview Content */ = {
			isa = PBXGroup;
			children = (
				E7B1BC902360A5E10039253E /* Preview Assets.xcassets */,
			);
			path = "Preview Content";
			sourceTree = "<group>";
		};
		E7B1BCB1236159B20039253E /* Views */ = {
			isa = PBXGroup;
			children = (
				E7B1BC8B2360A5DC0039253E /* ContentView.swift */,
				E7B1BCAD236136920039253E /* CardView.swift */,
				E7B1BCAF236139AF0039253E /* CardContent.swift */,
				E7B1BC922360A5E10039253E /* LaunchScreen.storyboard */,
			);
			path = Views;
			sourceTree = "<group>";
		};
		E7B1BCB2236159CC0039253E /* Models */ = {
			isa = PBXGroup;
			children = (
				E7B1BCA52360F6640039253E /* RepoCard.swift */,
			);
			path = Models;
			sourceTree = "<group>";
		};
		E7B1BCB423615A020039253E /* Delegates */ = {
			isa = PBXGroup;
			children = (
				E7B1BC872360A5DC0039253E /* AppDelegate.swift */,
				E7B1BC892360A5DC0039253E /* SceneDelegate.swift */,
			);
			path = Delegates;
			sourceTree = "<group>";
		};
/* End PBXGroup section */

/* Begin PBXNativeTarget section */
		E7B1BC832360A5DC0039253E /* ReposCards */ = {
			isa = PBXNativeTarget;
			buildConfigurationList = E7B1BC982360A5E10039253E /* Build configuration list for PBXNativeTarget "ReposCards" */;
			buildPhases = (
				E7B1BC802360A5DC0039253E /* Sources */,
				E7B1BC812360A5DC0039253E /* Frameworks */,
				E7B1BC822360A5DC0039253E /* Resources */,
			);
			buildRules = (
			);
			dependencies = (
			);
			name = ReposCards;
			productName = ReposCards;
			productReference = E7B1BC842360A5DC0039253E /* ReposCards.app */;
			productType = "com.apple.product-type.application";
		};
/* End PBXNativeTarget section */

/* Begin PBXProject section */
		E7B1BC7C2360A5DC0039253E /* Project object */ = {
			isa = PBXProject;
			attributes = {
				LastSwiftUpdateCheck = 1100;
				LastUpgradeCheck = 1100;
				ORGANIZATIONNAME = "Larry Heimann";
				TargetAttributes = {
					E7B1BC832360A5DC0039253E = {
						CreatedOnToolsVersion = 11.0;
					};
				};
			};
			buildConfigurationList = E7B1BC7F2360A5DC0039253E /* Build configuration list for PBXProject "ReposCards" */;
			compatibilityVersion = "Xcode 9.3";
			developmentRegion = en;
			hasScannedForEncodings = 0;
			knownRegions = (
				en,
				Base,
			);
			mainGroup = E7B1BC7B2360A5DC0039253E;
			productRefGroup = E7B1BC852360A5DC0039253E /* Products */;
			projectDirPath = "";
			projectRoot = "";
			targets = (
				E7B1BC832360A5DC0039253E /* ReposCards */,
			);
		};
/* End PBXProject section */

/* Begin PBXResourcesBuildPhase section */
		E7B1BC822360A5DC0039253E /* Resources */ = {
			isa = PBXResourcesBuildPhase;
			buildActionMask = 2147483647;
			files = (
				E7B1BC942360A5E10039253E /* LaunchScreen.storyboard in Resources */,
				E7B1BC912360A5E10039253E /* Preview Assets.xcassets in Resources */,
				E7B1BC8E2360A5E10039253E /* Assets.xcassets in Resources */,
			);
			runOnlyForDeploymentPostprocessing = 0;
		};
/* End PBXResourcesBuildPhase section */

/* Begin PBXSourcesBuildPhase section */
		E7B1BC802360A5DC0039253E /* Sources */ = {
			isa = PBXSourcesBuildPhase;
			buildActionMask = 2147483647;
			files = (
				E7B1BCAE236136920039253E /* CardView.swift in Sources */,
				E7B1BC882360A5DC0039253E /* AppDelegate.swift in Sources */,
				E7B1BCA62360F6640039253E /* RepoCard.swift in Sources */,
				E7B1BC8A2360A5DC0039253E /* SceneDelegate.swift in Sources */,
				E7B1BCB0236139AF0039253E /* CardContent.swift in Sources */,
				E7B1BC8C2360A5DC0039253E /* ContentView.swift in Sources */,
			);
			runOnlyForDeploymentPostprocessing = 0;
		};
/* End PBXSourcesBuildPhase section */

/* Begin PBXVariantGroup section */
		E7B1BC922360A5E10039253E /* LaunchScreen.storyboard */ = {
			isa = PBXVariantGroup;
			children = (
				E7B1BC932360A5E10039253E /* Base */,
			);
			name = LaunchScreen.storyboard;
			sourceTree = "<group>";
		};
/* End PBXVariantGroup section */

/* Begin XCBuildConfiguration section */
		E7B1BC962360A5E10039253E /* Debug */ = {
			isa = XCBuildConfiguration;
			buildSettings = {
				ALWAYS_SEARCH_USER_PATHS = NO;
				CLANG_ANALYZER_NONNULL = YES;
				CLANG_ANALYZER_NUMBER_OBJECT_CONVERSION = YES_AGGRESSIVE;
				CLANG_CXX_LANGUAGE_STANDARD = "gnu++14";
				CLANG_CXX_LIBRARY = "libc++";
				CLANG_ENABLE_MODULES = YES;
				CLANG_ENABLE_OBJC_ARC = YES;
				CLANG_ENABLE_OBJC_WEAK = YES;
				CLANG_WARN_BLOCK_CAPTURE_AUTORELEASING = YES;
				CLANG_WARN_BOOL_CONVERSION = YES;
				CLANG_WARN_COMMA = YES;
				CLANG_WARN_CONSTANT_CONVERSION = YES;
				CLANG_WARN_DEPRECATED_OBJC_IMPLEMENTATIONS = YES;
				CLANG_WARN_DIRECT_OBJC_ISA_USAGE = YES_ERROR;
				CLANG_WARN_DOCUMENTATION_COMMENTS = YES;
				CLANG_WARN_EMPTY_BODY = YES;
				CLANG_WARN_ENUM_CONVERSION = YES;
				CLANG_WARN_INFINITE_RECURSION = YES;
				CLANG_WARN_INT_CONVERSION = YES;
				CLANG_WARN_NON_LITERAL_NULL_CONVERSION = YES;
				CLANG_WARN_OBJC_IMPLICIT_RETAIN_SELF = YES;
				CLANG_WARN_OBJC_LITERAL_CONVERSION = YES;
				CLANG_WARN_OBJC_ROOT_CLASS = YES_ERROR;
				CLANG_WARN_RANGE_LOOP_ANALYSIS = YES;
				CLANG_WARN_STRICT_PROTOTYPES = YES;
				CLANG_WARN_SUSPICIOUS_MOVE = YES;
				CLANG_WARN_UNGUARDED_AVAILABILITY = YES_AGGRESSIVE;
				CLANG_WARN_UNREACHABLE_CODE = YES;
				CLANG_WARN__DUPLICATE_METHOD_MATCH = YES;
				COPY_PHASE_STRIP = NO;
				DEBUG_INFORMATION_FORMAT = dwarf;
				ENABLE_STRICT_OBJC_MSGSEND = YES;
				ENABLE_TESTABILITY = YES;
				GCC_C_LANGUAGE_STANDARD = gnu11;
				GCC_DYNAMIC_NO_PIC = NO;
				GCC_NO_COMMON_BLOCKS = YES;
				GCC_OPTIMIZATION_LEVEL = 0;
				GCC_PREPROCESSOR_DEFINITIONS = (
					"DEBUG=1",
					"$(inherited)",
				);
				GCC_WARN_64_TO_32_BIT_CONVERSION = YES;
				GCC_WARN_ABOUT_RETURN_TYPE = YES_ERROR;
				GCC_WARN_UNDECLARED_SELECTOR = YES;
				GCC_WARN_UNINITIALIZED_AUTOS = YES_AGGRESSIVE;
				GCC_WARN_UNUSED_FUNCTION = YES;
				GCC_WARN_UNUSED_VARIABLE = YES;
				IPHONEOS_DEPLOYMENT_TARGET = 13.0;
				MTL_ENABLE_DEBUG_INFO = INCLUDE_SOURCE;
				MTL_FAST_MATH = YES;
				ONLY_ACTIVE_ARCH = YES;
				SDKROOT = iphoneos;
				SWIFT_ACTIVE_COMPILATION_CONDITIONS = DEBUG;
				SWIFT_OPTIMIZATION_LEVEL = "-Onone";
			};
			name = Debug;
		};
		E7B1BC972360A5E10039253E /* Release */ = {
			isa = XCBuildConfiguration;
			buildSettings = {
				ALWAYS_SEARCH_USER_PATHS = NO;
				CLANG_ANALYZER_NONNULL = YES;
				CLANG_ANALYZER_NUMBER_OBJECT_CONVERSION = YES_AGGRESSIVE;
				CLANG_CXX_LANGUAGE_STANDARD = "gnu++14";
				CLANG_CXX_LIBRARY = "libc++";
				CLANG_ENABLE_MODULES = YES;
				CLANG_ENABLE_OBJC_ARC = YES;
				CLANG_ENABLE_OBJC_WEAK = YES;
				CLANG_WARN_BLOCK_CAPTURE_AUTORELEASING = YES;
				CLANG_WARN_BOOL_CONVERSION = YES;
				CLANG_WARN_COMMA = YES;
				CLANG_WARN_CONSTANT_CONVERSION = YES;
				CLANG_WARN_DEPRECATED_OBJC_IMPLEMENTATIONS = YES;
				CLANG_WARN_DIRECT_OBJC_ISA_USAGE = YES_ERROR;
				CLANG_WARN_DOCUMENTATION_COMMENTS = YES;
				CLANG_WARN_EMPTY_BODY = YES;
				CLANG_WARN_ENUM_CONVERSION = YES;
				CLANG_WARN_INFINITE_RECURSION = YES;
				CLANG_WARN_INT_CONVERSION = YES;
				CLANG_WARN_NON_LITERAL_NULL_CONVERSION = YES;
				CLANG_WARN_OBJC_IMPLICIT_RETAIN_SELF = YES;
				CLANG_WARN_OBJC_LITERAL_CONVERSION = YES;
				CLANG_WARN_OBJC_ROOT_CLASS = YES_ERROR;
				CLANG_WARN_RANGE_LOOP_ANALYSIS = YES;
				CLANG_WARN_STRICT_PROTOTYPES = YES;
				CLANG_WARN_SUSPICIOUS_MOVE = YES;
				CLANG_WARN_UNGUARDED_AVAILABILITY = YES_AGGRESSIVE;
				CLANG_WARN_UNREACHABLE_CODE = YES;
				CLANG_WARN__DUPLICATE_METHOD_MATCH = YES;
				COPY_PHASE_STRIP = NO;
				DEBUG_INFORMATION_FORMAT = "dwarf-with-dsym";
				ENABLE_NS_ASSERTIONS = NO;
				ENABLE_STRICT_OBJC_MSGSEND = YES;
				GCC_C_LANGUAGE_STANDARD = gnu11;
				GCC_NO_COMMON_BLOCKS = YES;
				GCC_WARN_64_TO_32_BIT_CONVERSION = YES;
				GCC_WARN_ABOUT_RETURN_TYPE = YES_ERROR;
				GCC_WARN_UNDECLARED_SELECTOR = YES;
				GCC_WARN_UNINITIALIZED_AUTOS = YES_AGGRESSIVE;
				GCC_WARN_UNUSED_FUNCTION = YES;
				GCC_WARN_UNUSED_VARIABLE = YES;
				IPHONEOS_DEPLOYMENT_TARGET = 13.0;
				MTL_ENABLE_DEBUG_INFO = NO;
				MTL_FAST_MATH = YES;
				SDKROOT = iphoneos;
				SWIFT_COMPILATION_MODE = wholemodule;
				SWIFT_OPTIMIZATION_LEVEL = "-O";
				VALIDATE_PRODUCT = YES;
			};
			name = Release;
		};
		E7B1BC992360A5E10039253E /* Debug */ = {
			isa = XCBuildConfiguration;
			buildSettings = {
				ASSETCATALOG_COMPILER_APPICON_NAME = AppIcon;
				CODE_SIGN_STYLE = Automatic;
				DEVELOPMENT_ASSET_PATHS = "\"ReposCards/Preview Content\"";
				DEVELOPMENT_TEAM = X94WPSRU4C;
				ENABLE_PREVIEWS = YES;
				INFOPLIST_FILE = ReposCards/Info.plist;
				LD_RUNPATH_SEARCH_PATHS = (
					"$(inherited)",
					"@executable_path/Frameworks",
				);
				PRODUCT_BUNDLE_IDENTIFIER = cmuis.ReposCards;
				PRODUCT_NAME = "$(TARGET_NAME)";
				SWIFT_VERSION = 5.0;
				TARGETED_DEVICE_FAMILY = "1,2";
			};
			name = Debug;
		};
		E7B1BC9A2360A5E10039253E /* Release */ = {
			isa = XCBuildConfiguration;
			buildSettings = {
				ASSETCATALOG_COMPILER_APPICON_NAME = AppIcon;
				CODE_SIGN_STYLE = Automatic;
				DEVELOPMENT_ASSET_PATHS = "\"ReposCards/Preview Content\"";
				DEVELOPMENT_TEAM = X94WPSRU4C;
				ENABLE_PREVIEWS = YES;
				INFOPLIST_FILE = ReposCards/Info.plist;
				LD_RUNPATH_SEARCH_PATHS = (
					"$(inherited)",
					"@executable_path/Frameworks",
				);
				PRODUCT_BUNDLE_IDENTIFIER = cmuis.ReposCards;
				PRODUCT_NAME = "$(TARGET_NAME)";
				SWIFT_VERSION = 5.0;
				TARGETED_DEVICE_FAMILY = "1,2";
			};
			name = Release;
		};
/* End XCBuildConfiguration section */

/* Begin XCConfigurationList section */
		E7B1BC7F2360A5DC0039253E /* Build configuration list for PBXProject "ReposCards" */ = {
			isa = XCConfigurationList;
			buildConfigurations = (
				E7B1BC962360A5E10039253E /* Debug */,
				E7B1BC972360A5E10039253E /* Release */,
			);
			defaultConfigurationIsVisible = 0;
			defaultConfigurationName = Release;
		};
		E7B1BC982360A5E10039253E /* Build configuration list for PBXNativeTarget "ReposCards" */ = {
			isa = XCConfigurationList;
			buildConfigurations = (
				E7B1BC992360A5E10039253E /* Debug */,
				E7B1BC9A2360A5E10039253E /* Release */,
			);
			defaultConfigurationIsVisible = 0;
			defaultConfigurationName = Release;
		};
/* End XCConfigurationList section */
	};
	rootObject = E7B1BC7C2360A5DC0039253E /* Project object */;
}
